PODS:
  - Alamofire (5.0.2)
  - AsyncSwift (2.0.4)
  - JWTDecode (2.4.1)

DEPENDENCIES:
  - Alamofire
  - AsyncSwift
  - JWTDecode (~> 2.1)

SPEC REPOS:
  trunk:
    - Alamofire
    - AsyncSwift
    - JWTDecode

SPEC CHECKSUMS:
  Alamofire: 3ba7a4db18b4f62c4a1c0e1cb39d7f3d52e10ada
  AsyncSwift: 65775a7b32e740609b24969ece3de58723b9dc3e
  JWTDecode: 4bd4da0cdf0f8154fd467fa48499f34ec057fb88

PODFILE CHECKSUM: 9552bfdf7c4df4d2f7cba3bd47cc1d0b0cf67f7f

COCOAPODS: 1.9.1
