PODS:
  - AsyncSwift (2.0.4)
  - JWTDecode (2.6.3)

DEPENDENCIES:
  - AsyncSwift
  - JWTDecode

SPEC REPOS:
  trunk:
    - AsyncSwift
    - JWTDecode

SPEC CHECKSUMS:
  AsyncSwift: 65775a7b32e740609b24969ece3de58723b9dc3e
  JWTDecode: 33e5e26e5ddbd21b2065820894c08fef0cad9509

PODFILE CHECKSUM: ee274c6b7a6b25c02cc396484137d5ff84cb9202

COCOAPODS: 1.12.1
