// !$*UTF8*$!
{
	archiveVersion = 1;
	classes = {
	};
	objectVersion = 50;
	objects = {

/* Begin PBXBuildFile section */
		324316FE2156264900ABDA34 /* SpotSenseSDK.h in Headers */ = {isa = PBXBuildFile; fileRef = 324316FC2156264900ABDA34 /* SpotSenseSDK.h */; settings = {ATTRIBUTES = (Public, ); }; };
		32431706215628DE00ABDA34 /* Rule.swift in Sources */ = {isa = PBXBuildFile; fileRef = 32431704215628DE00ABDA34 /* Rule.swift */; };
		32431707215628DE00ABDA34 /* SpotSense.swift in Sources */ = {isa = PBXBuildFile; fileRef = 32431705215628DE00ABDA34 /* SpotSense.swift */; };
		3243170921562B1200ABDA34 /* SpotSenseApp.swift in Sources */ = {isa = PBXBuildFile; fileRef = 3243170821562B1200ABDA34 /* SpotSenseApp.swift */; };
		3243170F215869F500ABDA34 /* LICENSE in Resources */ = {isa = PBXBuildFile; fileRef = 3243170E215869F500ABDA34 /* LICENSE */; };
		6C53FFCE241A2DD2005D9D11 /* Eddystone.swift in Sources */ = {isa = PBXBuildFile; fileRef = 6C53FFCC241A2DD2005D9D11 /* Eddystone.swift */; };
		6C53FFCF241A2DD2005D9D11 /* DispatchTimer.swift in Sources */ = {isa = PBXBuildFile; fileRef = 6C53FFCD241A2DD2005D9D11 /* DispatchTimer.swift */; };
		BA61E06D2AA8EAC30023E2FD /* BeaconInfo.swift in Sources */ = {isa = PBXBuildFile; fileRef = BA61E06C2AA8EAC30023E2FD /* BeaconInfo.swift */; };
		BA61E09E2AA8F48E0023E2FD /* ParameterEncoding.swift in Sources */ = {isa = PBXBuildFile; fileRef = BA61E08F2AA8F48E0023E2FD /* ParameterEncoding.swift */; };
		BA61E09F2AA8F48E0023E2FD /* URLParameterEncoding.swift in Sources */ = {isa = PBXBuildFile; fileRef = BA61E0902AA8F48E0023E2FD /* URLParameterEncoding.swift */; };
		BA61E0A02AA8F48E0023E2FD /* JSONParameterEncoder.swift in Sources */ = {isa = PBXBuildFile; fileRef = BA61E0912AA8F48E0023E2FD /* JSONParameterEncoder.swift */; };
		BA61E0A12AA8F48E0023E2FD /* NetworkManager.swift in Sources */ = {isa = PBXBuildFile; fileRef = BA61E0932AA8F48E0023E2FD /* NetworkManager.swift */; };
		BA61E0A22AA8F48E0023E2FD /* NetworkManagable.swift in Sources */ = {isa = PBXBuildFile; fileRef = BA61E0942AA8F48E0023E2FD /* NetworkManagable.swift */; };
		BA61E0A32AA8F48E0023E2FD /* SpotSenseAPI.swift in Sources */ = {isa = PBXBuildFile; fileRef = BA61E0962AA8F48E0023E2FD /* SpotSenseAPI.swift */; };
		BA61E0A42AA8F48E0023E2FD /* TokenAPI.swift in Sources */ = {isa = PBXBuildFile; fileRef = BA61E0972AA8F48E0023E2FD /* TokenAPI.swift */; };
		BA61E0A52AA8F48E0023E2FD /* HTTPTask.swift in Sources */ = {isa = PBXBuildFile; fileRef = BA61E0992AA8F48E0023E2FD /* HTTPTask.swift */; };
		BA61E0A62AA8F48E0023E2FD /* HTTPMethod.swift in Sources */ = {isa = PBXBuildFile; fileRef = BA61E09A2AA8F48E0023E2FD /* HTTPMethod.swift */; };
		BA61E0A72AA8F48E0023E2FD /* Router.swift in Sources */ = {isa = PBXBuildFile; fileRef = BA61E09B2AA8F48E0023E2FD /* Router.swift */; };
		BA61E0A82AA8F48E0023E2FD /* NetworkLogger.swift in Sources */ = {isa = PBXBuildFile; fileRef = BA61E09C2AA8F48E0023E2FD /* NetworkLogger.swift */; };
		BA61E0A92AA8F48E0023E2FD /* EndPointType.swift in Sources */ = {isa = PBXBuildFile; fileRef = BA61E09D2AA8F48E0023E2FD /* EndPointType.swift */; };
		BB3927275612E2C812047A9D /* Pods_SpotSenseSDK.framework in Frameworks */ = {isa = PBXBuildFile; fileRef = 9A6B3B05DC161F005FB275DA /* Pods_SpotSenseSDK.framework */; };
/* End PBXBuildFile section */

/* Begin PBXFileReference section */
		32280F082158884C00D8093B /* README.md */ = {isa = PBXFileReference; lastKnownFileType = net.daringfireball.markdown; path = README.md; sourceTree = "<group>"; };
		324316F92156264900ABDA34 /* SpotSenseSDK.framework */ = {isa = PBXFileReference; explicitFileType = wrapper.framework; includeInIndex = 0; path = SpotSenseSDK.framework; sourceTree = BUILT_PRODUCTS_DIR; };
		324316FC2156264900ABDA34 /* SpotSenseSDK.h */ = {isa = PBXFileReference; lastKnownFileType = sourcecode.c.h; path = SpotSenseSDK.h; sourceTree = "<group>"; };
		32431704215628DE00ABDA34 /* Rule.swift */ = {isa = PBXFileReference; fileEncoding = 4; lastKnownFileType = sourcecode.swift; path = Rule.swift; sourceTree = "<group>"; };
		32431705215628DE00ABDA34 /* SpotSense.swift */ = {isa = PBXFileReference; fileEncoding = 4; lastKnownFileType = sourcecode.swift; path = SpotSense.swift; sourceTree = "<group>"; };
		3243170821562B1200ABDA34 /* SpotSenseApp.swift */ = {isa = PBXFileReference; fileEncoding = 4; lastKnownFileType = sourcecode.swift; path = SpotSenseApp.swift; sourceTree = "<group>"; };
		3243170E215869F500ABDA34 /* LICENSE */ = {isa = PBXFileReference; fileEncoding = 4; lastKnownFileType = text; path = LICENSE; sourceTree = "<group>"; };
		6C53FFCC241A2DD2005D9D11 /* Eddystone.swift */ = {isa = PBXFileReference; lastKnownFileType = sourcecode.swift; path = Eddystone.swift; sourceTree = "<group>"; };
		6C53FFCD241A2DD2005D9D11 /* DispatchTimer.swift */ = {isa = PBXFileReference; lastKnownFileType = sourcecode.swift; path = DispatchTimer.swift; sourceTree = "<group>"; };
		6C53FFD0241A322D005D9D11 /* Alamofire.framework */ = {isa = PBXFileReference; explicitFileType = wrapper.framework; path = Alamofire.framework; sourceTree = BUILT_PRODUCTS_DIR; };
		6C53FFD2241A322D005D9D11 /* Async.framework */ = {isa = PBXFileReference; explicitFileType = wrapper.framework; path = Async.framework; sourceTree = BUILT_PRODUCTS_DIR; };
		6C53FFD4241A322D005D9D11 /* JWTDecode.framework */ = {isa = PBXFileReference; explicitFileType = wrapper.framework; path = JWTDecode.framework; sourceTree = BUILT_PRODUCTS_DIR; };
		9A6B3B05DC161F005FB275DA /* Pods_SpotSenseSDK.framework */ = {isa = PBXFileReference; explicitFileType = wrapper.framework; includeInIndex = 0; path = Pods_SpotSenseSDK.framework; sourceTree = BUILT_PRODUCTS_DIR; };
		BA61E06C2AA8EAC30023E2FD /* BeaconInfo.swift */ = {isa = PBXFileReference; lastKnownFileType = sourcecode.swift; path = BeaconInfo.swift; sourceTree = "<group>"; };
		BA61E08F2AA8F48E0023E2FD /* ParameterEncoding.swift */ = {isa = PBXFileReference; fileEncoding = 4; lastKnownFileType = sourcecode.swift; path = ParameterEncoding.swift; sourceTree = "<group>"; };
		BA61E0902AA8F48E0023E2FD /* URLParameterEncoding.swift */ = {isa = PBXFileReference; fileEncoding = 4; lastKnownFileType = sourcecode.swift; path = URLParameterEncoding.swift; sourceTree = "<group>"; };
		BA61E0912AA8F48E0023E2FD /* JSONParameterEncoder.swift */ = {isa = PBXFileReference; fileEncoding = 4; lastKnownFileType = sourcecode.swift; path = JSONParameterEncoder.swift; sourceTree = "<group>"; };
		BA61E0932AA8F48E0023E2FD /* NetworkManager.swift */ = {isa = PBXFileReference; fileEncoding = 4; lastKnownFileType = sourcecode.swift; path = NetworkManager.swift; sourceTree = "<group>"; };
		BA61E0942AA8F48E0023E2FD /* NetworkManagable.swift */ = {isa = PBXFileReference; fileEncoding = 4; lastKnownFileType = sourcecode.swift; path = NetworkManagable.swift; sourceTree = "<group>"; };
		BA61E0962AA8F48E0023E2FD /* SpotSenseAPI.swift */ = {isa = PBXFileReference; fileEncoding = 4; lastKnownFileType = sourcecode.swift; path = SpotSenseAPI.swift; sourceTree = "<group>"; };
		BA61E0972AA8F48E0023E2FD /* TokenAPI.swift */ = {isa = PBXFileReference; fileEncoding = 4; lastKnownFileType = sourcecode.swift; path = TokenAPI.swift; sourceTree = "<group>"; };
		BA61E0992AA8F48E0023E2FD /* HTTPTask.swift */ = {isa = PBXFileReference; fileEncoding = 4; lastKnownFileType = sourcecode.swift; path = HTTPTask.swift; sourceTree = "<group>"; };
		BA61E09A2AA8F48E0023E2FD /* HTTPMethod.swift */ = {isa = PBXFileReference; fileEncoding = 4; lastKnownFileType = sourcecode.swift; path = HTTPMethod.swift; sourceTree = "<group>"; };
		BA61E09B2AA8F48E0023E2FD /* Router.swift */ = {isa = PBXFileReference; fileEncoding = 4; lastKnownFileType = sourcecode.swift; path = Router.swift; sourceTree = "<group>"; };
		BA61E09C2AA8F48E0023E2FD /* NetworkLogger.swift */ = {isa = PBXFileReference; fileEncoding = 4; lastKnownFileType = sourcecode.swift; path = NetworkLogger.swift; sourceTree = "<group>"; };
		BA61E09D2AA8F48E0023E2FD /* EndPointType.swift */ = {isa = PBXFileReference; fileEncoding = 4; lastKnownFileType = sourcecode.swift; path = EndPointType.swift; sourceTree = "<group>"; };
		E0A7B23F0697F845E9522353 /* Pods-SpotSenseSDK.release.xcconfig */ = {isa = PBXFileReference; includeInIndex = 1; lastKnownFileType = text.xcconfig; name = "Pods-SpotSenseSDK.release.xcconfig"; path = "Pods/Target Support Files/Pods-SpotSenseSDK/Pods-SpotSenseSDK.release.xcconfig"; sourceTree = "<group>"; };
		F53588DBAD72D68E85DEABA7 /* Pods-SpotSenseSDK.debug.xcconfig */ = {isa = PBXFileReference; includeInIndex = 1; lastKnownFileType = text.xcconfig; name = "Pods-SpotSenseSDK.debug.xcconfig"; path = "Pods/Target Support Files/Pods-SpotSenseSDK/Pods-SpotSenseSDK.debug.xcconfig"; sourceTree = "<group>"; };
/* End PBXFileReference section */

/* Begin PBXFrameworksBuildPhase section */
		324316F52156264900ABDA34 /* Frameworks */ = {
			isa = PBXFrameworksBuildPhase;
			buildActionMask = 2147483647;
			files = (
				BB3927275612E2C812047A9D /* Pods_SpotSenseSDK.framework in Frameworks */,
			);
			runOnlyForDeploymentPostprocessing = 0;
		};
/* End PBXFrameworksBuildPhase section */

/* Begin PBXGroup section */
		1DE97024E1657BE67EC4596B /* Pods */ = {
			isa = PBXGroup;
			children = (
				F53588DBAD72D68E85DEABA7 /* Pods-SpotSenseSDK.debug.xcconfig */,
				E0A7B23F0697F845E9522353 /* Pods-SpotSenseSDK.release.xcconfig */,
			);
			name = Pods;
			sourceTree = "<group>";
		};
		324316EF2156264900ABDA34 = {
			isa = PBXGroup;
			children = (
				3243170E215869F500ABDA34 /* LICENSE */,
				32280F082158884C00D8093B /* README.md */,
				324316FB2156264900ABDA34 /* SpotSenseSDK */,
				324316FA2156264900ABDA34 /* Products */,
				1DE97024E1657BE67EC4596B /* Pods */,
				CB17BBA9F8F45107F6F8F029 /* Frameworks */,
			);
			sourceTree = "<group>";
		};
		324316FA2156264900ABDA34 /* Products */ = {
			isa = PBXGroup;
			children = (
				324316F92156264900ABDA34 /* SpotSenseSDK.framework */,
			);
			name = Products;
			sourceTree = "<group>";
		};
		324316FB2156264900ABDA34 /* SpotSenseSDK */ = {
			isa = PBXGroup;
			children = (
				BA61E08D2AA8F48E0023E2FD /* NetworkLayer */,
				6C53FFCD241A2DD2005D9D11 /* DispatchTimer.swift */,
				6C53FFCC241A2DD2005D9D11 /* Eddystone.swift */,
				324316FC2156264900ABDA34 /* SpotSenseSDK.h */,
				32431704215628DE00ABDA34 /* Rule.swift */,
				3243170821562B1200ABDA34 /* SpotSenseApp.swift */,
				32431705215628DE00ABDA34 /* SpotSense.swift */,
				BA61E06C2AA8EAC30023E2FD /* BeaconInfo.swift */,
			);
			path = SpotSenseSDK;
			sourceTree = "<group>";
		};
		BA61E08D2AA8F48E0023E2FD /* NetworkLayer */ = {
			isa = PBXGroup;
			children = (
				BA61E08E2AA8F48E0023E2FD /* Encoding */,
				BA61E0922AA8F48E0023E2FD /* Manager */,
				BA61E0952AA8F48E0023E2FD /* EndPoint */,
				BA61E0982AA8F48E0023E2FD /* Service */,
			);
			path = NetworkLayer;
			sourceTree = "<group>";
		};
		BA61E08E2AA8F48E0023E2FD /* Encoding */ = {
			isa = PBXGroup;
			children = (
				BA61E08F2AA8F48E0023E2FD /* ParameterEncoding.swift */,
				BA61E0902AA8F48E0023E2FD /* URLParameterEncoding.swift */,
				BA61E0912AA8F48E0023E2FD /* JSONParameterEncoder.swift */,
			);
			path = Encoding;
			sourceTree = "<group>";
		};
		BA61E0922AA8F48E0023E2FD /* Manager */ = {
			isa = PBXGroup;
			children = (
				BA61E0932AA8F48E0023E2FD /* NetworkManager.swift */,
				BA61E0942AA8F48E0023E2FD /* NetworkManagable.swift */,
			);
			path = Manager;
			sourceTree = "<group>";
		};
		BA61E0952AA8F48E0023E2FD /* EndPoint */ = {
			isa = PBXGroup;
			children = (
				BA61E0962AA8F48E0023E2FD /* SpotSenseAPI.swift */,
				BA61E0972AA8F48E0023E2FD /* TokenAPI.swift */,
			);
			path = EndPoint;
			sourceTree = "<group>";
		};
		BA61E0982AA8F48E0023E2FD /* Service */ = {
			isa = PBXGroup;
			children = (
				BA61E0992AA8F48E0023E2FD /* HTTPTask.swift */,
				BA61E09A2AA8F48E0023E2FD /* HTTPMethod.swift */,
				BA61E09B2AA8F48E0023E2FD /* Router.swift */,
				BA61E09C2AA8F48E0023E2FD /* NetworkLogger.swift */,
				BA61E09D2AA8F48E0023E2FD /* EndPointType.swift */,
			);
			path = Service;
			sourceTree = "<group>";
		};
		CB17BBA9F8F45107F6F8F029 /* Frameworks */ = {
			isa = PBXGroup;
			children = (
				6C53FFD0241A322D005D9D11 /* Alamofire.framework */,
				6C53FFD2241A322D005D9D11 /* Async.framework */,
				6C53FFD4241A322D005D9D11 /* JWTDecode.framework */,
				9A6B3B05DC161F005FB275DA /* Pods_SpotSenseSDK.framework */,
			);
			name = Frameworks;
			sourceTree = "<group>";
		};
/* End PBXGroup section */

/* Begin PBXHeadersBuildPhase section */
		324316F62156264900ABDA34 /* Headers */ = {
			isa = PBXHeadersBuildPhase;
			buildActionMask = 2147483647;
			files = (
				324316FE2156264900ABDA34 /* SpotSenseSDK.h in Headers */,
			);
			runOnlyForDeploymentPostprocessing = 0;
		};
/* End PBXHeadersBuildPhase section */

/* Begin PBXNativeTarget section */
		324316F82156264900ABDA34 /* SpotSenseSDK */ = {
			isa = PBXNativeTarget;
			buildConfigurationList = 324317012156264900ABDA34 /* Build configuration list for PBXNativeTarget "SpotSenseSDK" */;
			buildPhases = (
				8BD8C6595FC5BFBAD2B1BB97 /* [CP] Check Pods Manifest.lock */,
				324316F42156264900ABDA34 /* Sources */,
				324316F52156264900ABDA34 /* Frameworks */,
				324316F62156264900ABDA34 /* Headers */,
				324316F72156264900ABDA34 /* Resources */,
			);
			buildRules = (
			);
			dependencies = (
			);
			name = SpotSenseSDK;
			productName = SpotSenseSDK;
			productReference = 324316F92156264900ABDA34 /* SpotSenseSDK.framework */;
			productType = "com.apple.product-type.framework";
		};
/* End PBXNativeTarget section */

/* Begin PBXProject section */
		324316F02156264900ABDA34 /* Project object */ = {
			isa = PBXProject;
			attributes = {
				LastUpgradeCheck = 0940;
				ORGANIZATIONNAME = SpotSense;
				TargetAttributes = {
					324316F82156264900ABDA34 = {
						CreatedOnToolsVersion = 9.4;
						LastSwiftMigration = 0940;
					};
				};
			};
			buildConfigurationList = 324316F32156264900ABDA34 /* Build configuration list for PBXProject "SpotSenseSDK" */;
			compatibilityVersion = "Xcode 9.3";
			developmentRegion = en;
			hasScannedForEncodings = 0;
			knownRegions = (
				en,
			);
			mainGroup = 324316EF2156264900ABDA34;
			productRefGroup = 324316FA2156264900ABDA34 /* Products */;
			projectDirPath = "";
			projectRoot = "";
			targets = (
				324316F82156264900ABDA34 /* SpotSenseSDK */,
			);
		};
/* End PBXProject section */

/* Begin PBXResourcesBuildPhase section */
		324316F72156264900ABDA34 /* Resources */ = {
			isa = PBXResourcesBuildPhase;
			buildActionMask = 2147483647;
			files = (
				3243170F215869F500ABDA34 /* LICENSE in Resources */,
			);
			runOnlyForDeploymentPostprocessing = 0;
		};
/* End PBXResourcesBuildPhase section */

/* Begin PBXShellScriptBuildPhase section */
		8BD8C6595FC5BFBAD2B1BB97 /* [CP] Check Pods Manifest.lock */ = {
			isa = PBXShellScriptBuildPhase;
			buildActionMask = 2147483647;
			files = (
			);
			inputPaths = (
				"${PODS_PODFILE_DIR_PATH}/Podfile.lock",
				"${PODS_ROOT}/Manifest.lock",
			);
			name = "[CP] Check Pods Manifest.lock";
			outputPaths = (
				"$(DERIVED_FILE_DIR)/Pods-SpotSenseSDK-checkManifestLockResult.txt",
			);
			runOnlyForDeploymentPostprocessing = 0;
			shellPath = /bin/sh;
			shellScript = "diff \"${PODS_PODFILE_DIR_PATH}/Podfile.lock\" \"${PODS_ROOT}/Manifest.lock\" > /dev/null\nif [ $? != 0 ] ; then\n    # print error to STDERR\n    echo \"error: The sandbox is not in sync with the Podfile.lock. Run 'pod install' or update your CocoaPods installation.\" >&2\n    exit 1\nfi\n# This output is used by Xcode 'outputs' to avoid re-running this script phase.\necho \"SUCCESS\" > \"${SCRIPT_OUTPUT_FILE_0}\"\n";
			showEnvVarsInLog = 0;
		};
/* End PBXShellScriptBuildPhase section */

/* Begin PBXSourcesBuildPhase section */
		324316F42156264900ABDA34 /* Sources */ = {
			isa = PBXSourcesBuildPhase;
			buildActionMask = 2147483647;
			files = (
				BA61E0A52AA8F48E0023E2FD /* HTTPTask.swift in Sources */,
				BA61E0A42AA8F48E0023E2FD /* TokenAPI.swift in Sources */,
				BA61E0A92AA8F48E0023E2FD /* EndPointType.swift in Sources */,
				BA61E09F2AA8F48E0023E2FD /* URLParameterEncoding.swift in Sources */,
				BA61E09E2AA8F48E0023E2FD /* ParameterEncoding.swift in Sources */,
				BA61E0A12AA8F48E0023E2FD /* NetworkManager.swift in Sources */,
				6C53FFCE241A2DD2005D9D11 /* Eddystone.swift in Sources */,
				6C53FFCF241A2DD2005D9D11 /* DispatchTimer.swift in Sources */,
				BA61E06D2AA8EAC30023E2FD /* BeaconInfo.swift in Sources */,
				BA61E0A72AA8F48E0023E2FD /* Router.swift in Sources */,
				BA61E0A62AA8F48E0023E2FD /* HTTPMethod.swift in Sources */,
				BA61E0A02AA8F48E0023E2FD /* JSONParameterEncoder.swift in Sources */,
				3243170921562B1200ABDA34 /* SpotSenseApp.swift in Sources */,
				BA61E0A22AA8F48E0023E2FD /* NetworkManagable.swift in Sources */,
				32431707215628DE00ABDA34 /* SpotSense.swift in Sources */,
				32431706215628DE00ABDA34 /* Rule.swift in Sources */,
				BA61E0A82AA8F48E0023E2FD /* NetworkLogger.swift in Sources */,
				BA61E0A32AA8F48E0023E2FD /* SpotSenseAPI.swift in Sources */,
			);
			runOnlyForDeploymentPostprocessing = 0;
		};
/* End PBXSourcesBuildPhase section */

/* Begin XCBuildConfiguration section */
		324316FF2156264900ABDA34 /* Debug */ = {
			isa = XCBuildConfiguration;
			buildSettings = {
				ALWAYS_SEARCH_USER_PATHS = NO;
				CLANG_ANALYZER_NONNULL = YES;
				CLANG_ANALYZER_NUMBER_OBJECT_CONVERSION = YES_AGGRESSIVE;
				CLANG_CXX_LANGUAGE_STANDARD = "gnu++14";
				CLANG_CXX_LIBRARY = "libc++";
				CLANG_ENABLE_MODULES = YES;
				CLANG_ENABLE_OBJC_ARC = YES;
				CLANG_ENABLE_OBJC_WEAK = YES;
				CLANG_WARN_BLOCK_CAPTURE_AUTORELEASING = YES;
				CLANG_WARN_BOOL_CONVERSION = YES;
				CLANG_WARN_COMMA = YES;
				CLANG_WARN_CONSTANT_CONVERSION = YES;
				CLANG_WARN_DEPRECATED_OBJC_IMPLEMENTATIONS = YES;
				CLANG_WARN_DIRECT_OBJC_ISA_USAGE = YES_ERROR;
				CLANG_WARN_DOCUMENTATION_COMMENTS = YES;
				CLANG_WARN_EMPTY_BODY = YES;
				CLANG_WARN_ENUM_CONVERSION = YES;
				CLANG_WARN_INFINITE_RECURSION = YES;
				CLANG_WARN_INT_CONVERSION = YES;
				CLANG_WARN_NON_LITERAL_NULL_CONVERSION = YES;
				CLANG_WARN_OBJC_IMPLICIT_RETAIN_SELF = YES;
				CLANG_WARN_OBJC_LITERAL_CONVERSION = YES;
				CLANG_WARN_OBJC_ROOT_CLASS = YES_ERROR;
				CLANG_WARN_RANGE_LOOP_ANALYSIS = YES;
				CLANG_WARN_STRICT_PROTOTYPES = YES;
				CLANG_WARN_SUSPICIOUS_MOVE = YES;
				CLANG_WARN_UNGUARDED_AVAILABILITY = YES_AGGRESSIVE;
				CLANG_WARN_UNREACHABLE_CODE = YES;
				CLANG_WARN__DUPLICATE_METHOD_MATCH = YES;
				CODE_SIGN_IDENTITY = "iPhone Developer";
				COPY_PHASE_STRIP = NO;
				CURRENT_PROJECT_VERSION = 1;
				DEBUG_INFORMATION_FORMAT = dwarf;
				ENABLE_STRICT_OBJC_MSGSEND = YES;
				ENABLE_TESTABILITY = YES;
				GCC_C_LANGUAGE_STANDARD = gnu11;
				GCC_DYNAMIC_NO_PIC = NO;
				GCC_NO_COMMON_BLOCKS = YES;
				GCC_OPTIMIZATION_LEVEL = 0;
				GCC_PREPROCESSOR_DEFINITIONS = (
					"DEBUG=1",
					"$(inherited)",
				);
				GCC_WARN_64_TO_32_BIT_CONVERSION = YES;
				GCC_WARN_ABOUT_RETURN_TYPE = YES_ERROR;
				GCC_WARN_UNDECLARED_SELECTOR = YES;
				GCC_WARN_UNINITIALIZED_AUTOS = YES_AGGRESSIVE;
				GCC_WARN_UNUSED_FUNCTION = YES;
				GCC_WARN_UNUSED_VARIABLE = YES;
				IPHONEOS_DEPLOYMENT_TARGET = 11.4;
				MTL_ENABLE_DEBUG_INFO = YES;
				ONLY_ACTIVE_ARCH = YES;
				SDKROOT = iphoneos;
				SKIP_INSTALL = YES;
				SWIFT_ACTIVE_COMPILATION_CONDITIONS = DEBUG;
				SWIFT_OPTIMIZATION_LEVEL = "-Onone";
				SWIFT_VERSION = 4.2;
				VERSIONING_SYSTEM = "apple-generic";
				VERSION_INFO_PREFIX = "";
			};
			name = Debug;
		};
		324317002156264900ABDA34 /* Release */ = {
			isa = XCBuildConfiguration;
			buildSettings = {
				ALWAYS_SEARCH_USER_PATHS = NO;
				CLANG_ANALYZER_NONNULL = YES;
				CLANG_ANALYZER_NUMBER_OBJECT_CONVERSION = YES_AGGRESSIVE;
				CLANG_CXX_LANGUAGE_STANDARD = "gnu++14";
				CLANG_CXX_LIBRARY = "libc++";
				CLANG_ENABLE_MODULES = YES;
				CLANG_ENABLE_OBJC_ARC = YES;
				CLANG_ENABLE_OBJC_WEAK = YES;
				CLANG_WARN_BLOCK_CAPTURE_AUTORELEASING = YES;
				CLANG_WARN_BOOL_CONVERSION = YES;
				CLANG_WARN_COMMA = YES;
				CLANG_WARN_CONSTANT_CONVERSION = YES;
				CLANG_WARN_DEPRECATED_OBJC_IMPLEMENTATIONS = YES;
				CLANG_WARN_DIRECT_OBJC_ISA_USAGE = YES_ERROR;
				CLANG_WARN_DOCUMENTATION_COMMENTS = YES;
				CLANG_WARN_EMPTY_BODY = YES;
				CLANG_WARN_ENUM_CONVERSION = YES;
				CLANG_WARN_INFINITE_RECURSION = YES;
				CLANG_WARN_INT_CONVERSION = YES;
				CLANG_WARN_NON_LITERAL_NULL_CONVERSION = YES;
				CLANG_WARN_OBJC_IMPLICIT_RETAIN_SELF = YES;
				CLANG_WARN_OBJC_LITERAL_CONVERSION = YES;
				CLANG_WARN_OBJC_ROOT_CLASS = YES_ERROR;
				CLANG_WARN_RANGE_LOOP_ANALYSIS = YES;
				CLANG_WARN_STRICT_PROTOTYPES = YES;
				CLANG_WARN_SUSPICIOUS_MOVE = YES;
				CLANG_WARN_UNGUARDED_AVAILABILITY = YES_AGGRESSIVE;
				CLANG_WARN_UNREACHABLE_CODE = YES;
				CLANG_WARN__DUPLICATE_METHOD_MATCH = YES;
				CODE_SIGN_IDENTITY = "iPhone Developer";
				COPY_PHASE_STRIP = NO;
				CURRENT_PROJECT_VERSION = 1;
				DEBUG_INFORMATION_FORMAT = "dwarf-with-dsym";
				ENABLE_NS_ASSERTIONS = NO;
				ENABLE_STRICT_OBJC_MSGSEND = YES;
				GCC_C_LANGUAGE_STANDARD = gnu11;
				GCC_NO_COMMON_BLOCKS = YES;
				GCC_WARN_64_TO_32_BIT_CONVERSION = YES;
				GCC_WARN_ABOUT_RETURN_TYPE = YES_ERROR;
				GCC_WARN_UNDECLARED_SELECTOR = YES;
				GCC_WARN_UNINITIALIZED_AUTOS = YES_AGGRESSIVE;
				GCC_WARN_UNUSED_FUNCTION = YES;
				GCC_WARN_UNUSED_VARIABLE = YES;
				IPHONEOS_DEPLOYMENT_TARGET = 11.4;
				MTL_ENABLE_DEBUG_INFO = NO;
				SDKROOT = iphoneos;
				SKIP_INSTALL = YES;
				SWIFT_COMPILATION_MODE = wholemodule;
				SWIFT_OPTIMIZATION_LEVEL = "-O";
				SWIFT_VERSION = 4.2;
				VALIDATE_PRODUCT = YES;
				VERSIONING_SYSTEM = "apple-generic";
				VERSION_INFO_PREFIX = "";
			};
			name = Release;
		};
		324317022156264900ABDA34 /* Debug */ = {
			isa = XCBuildConfiguration;
			baseConfigurationReference = F53588DBAD72D68E85DEABA7 /* Pods-SpotSenseSDK.debug.xcconfig */;
			buildSettings = {
				CLANG_ENABLE_MODULES = YES;
				CODE_SIGN_IDENTITY = "";
				CODE_SIGN_STYLE = Manual;
				DEFINES_MODULE = YES;
				DEVELOPMENT_TEAM = "";
				DYLIB_COMPATIBILITY_VERSION = 1;
				DYLIB_CURRENT_VERSION = 1;
				DYLIB_INSTALL_NAME_BASE = "@rpath";
				GENERATE_INFOPLIST_FILE = YES;
				INFOPLIST_FILE = "";
				INSTALL_PATH = "$(LOCAL_LIBRARY_DIR)/Frameworks";
				LD_RUNPATH_SEARCH_PATHS = (
					"$(inherited)",
					"@executable_path/Frameworks",
					"@loader_path/Frameworks",
				);
				PRODUCT_BUNDLE_IDENTIFIER = com.spotsense.SpotSenseSDK;
				PRODUCT_NAME = "$(TARGET_NAME:c99extidentifier)";
				PROVISIONING_PROFILE_SPECIFIER = "";
				SKIP_INSTALL = YES;
				SWIFT_OPTIMIZATION_LEVEL = "-Onone";
				SWIFT_VERSION = 4.2;
				TARGETED_DEVICE_FAMILY = 1;
			};
			name = Debug;
		};
		324317032156264900ABDA34 /* Release */ = {
			isa = XCBuildConfiguration;
			baseConfigurationReference = E0A7B23F0697F845E9522353 /* Pods-SpotSenseSDK.release.xcconfig */;
			buildSettings = {
				CLANG_ENABLE_MODULES = YES;
				CODE_SIGN_IDENTITY = "";
				CODE_SIGN_STYLE = Manual;
				DEFINES_MODULE = YES;
				DEVELOPMENT_TEAM = "";
				DYLIB_COMPATIBILITY_VERSION = 1;
				DYLIB_CURRENT_VERSION = 1;
				DYLIB_INSTALL_NAME_BASE = "@rpath";
				GENERATE_INFOPLIST_FILE = YES;
				INFOPLIST_FILE = "";
				INSTALL_PATH = "$(LOCAL_LIBRARY_DIR)/Frameworks";
				LD_RUNPATH_SEARCH_PATHS = (
					"$(inherited)",
					"@executable_path/Frameworks",
					"@loader_path/Frameworks",
				);
				PRODUCT_BUNDLE_IDENTIFIER = com.spotsense.SpotSenseSDK;
				PRODUCT_NAME = "$(TARGET_NAME:c99extidentifier)";
				PROVISIONING_PROFILE_SPECIFIER = "";
				SKIP_INSTALL = YES;
				SWIFT_VERSION = 4.2;
				TARGETED_DEVICE_FAMILY = 1;
			};
			name = Release;
		};
/* End XCBuildConfiguration section */

/* Begin XCConfigurationList section */
		324316F32156264900ABDA34 /* Build configuration list for PBXProject "SpotSenseSDK" */ = {
			isa = XCConfigurationList;
			buildConfigurations = (
				324316FF2156264900ABDA34 /* Debug */,
				324317002156264900ABDA34 /* Release */,
			);
			defaultConfigurationIsVisible = 0;
			defaultConfigurationName = Release;
		};
		324317012156264900ABDA34 /* Build configuration list for PBXNativeTarget "SpotSenseSDK" */ = {
			isa = XCConfigurationList;
			buildConfigurations = (
				324317022156264900ABDA34 /* Debug */,
				324317032156264900ABDA34 /* Release */,
			);
			defaultConfigurationIsVisible = 0;
			defaultConfigurationName = Release;
		};
/* End XCConfigurationList section */
	};
	rootObject = 324316F02156264900ABDA34 /* Project object */;
}
